// !$*UTF8*$!
{
	archiveVersion = 1;
	classes = {
	};
	objectVersion = 46;
	objects = {

/* Begin PBXBuildFile section */
		479AC3DFB81430774EF2AAC9 /* Pods_BugBlasterExample.framework in Frameworks */ = {isa = PBXBuildFile; fileRef = AC752BDDF483D9BB7ED3770C /* Pods_BugBlasterExample.framework */; };
		745997AC1F59A283001D93BE /* AppDelegate.swift in Sources */ = {isa = PBXBuildFile; fileRef = 745997AB1F59A283001D93BE /* AppDelegate.swift */; };
		745997AE1F59A283001D93BE /* ViewController.swift in Sources */ = {isa = PBXBuildFile; fileRef = 745997AD1F59A283001D93BE /* ViewController.swift */; };
		745997B11F59A283001D93BE /* Main.storyboard in Resources */ = {isa = PBXBuildFile; fileRef = 745997AF1F59A283001D93BE /* Main.storyboard */; };
		745997B31F59A283001D93BE /* Assets.xcassets in Resources */ = {isa = PBXBuildFile; fileRef = 745997B21F59A283001D93BE /* Assets.xcassets */; };
		745997B61F59A283001D93BE /* LaunchScreen.storyboard in Resources */ = {isa = PBXBuildFile; fileRef = 745997B41F59A283001D93BE /* LaunchScreen.storyboard */; };
		745997E41F59C84F001D93BE /* BugReportViewController.swift in Sources */ = {isa = PBXBuildFile; fileRef = 745997E31F59C84F001D93BE /* BugReportViewController.swift */; };
/* End PBXBuildFile section */

/* Begin PBXFileReference section */
		608A95783F950FD233822C4D /* Pods-BugBlasterExample.release.xcconfig */ = {isa = PBXFileReference; includeInIndex = 1; lastKnownFileType = text.xcconfig; name = "Pods-BugBlasterExample.release.xcconfig"; path = "Pods/Target Support Files/Pods-BugBlasterExample/Pods-BugBlasterExample.release.xcconfig"; sourceTree = "<group>"; };
		745997A81F59A283001D93BE /* BugBlasterExample.app */ = {isa = PBXFileReference; explicitFileType = wrapper.application; includeInIndex = 0; path = BugBlasterExample.app; sourceTree = BUILT_PRODUCTS_DIR; };
		745997AB1F59A283001D93BE /* AppDelegate.swift */ = {isa = PBXFileReference; lastKnownFileType = sourcecode.swift; path = AppDelegate.swift; sourceTree = "<group>"; };
		745997AD1F59A283001D93BE /* ViewController.swift */ = {isa = PBXFileReference; lastKnownFileType = sourcecode.swift; path = ViewController.swift; sourceTree = "<group>"; };
		745997B01F59A283001D93BE /* Base */ = {isa = PBXFileReference; lastKnownFileType = file.storyboard; name = Base; path = Base.lproj/Main.storyboard; sourceTree = "<group>"; };
		745997B21F59A283001D93BE /* Assets.xcassets */ = {isa = PBXFileReference; lastKnownFileType = folder.assetcatalog; path = Assets.xcassets; sourceTree = "<group>"; };
		745997B51F59A283001D93BE /* Base */ = {isa = PBXFileReference; lastKnownFileType = file.storyboard; name = Base; path = Base.lproj/LaunchScreen.storyboard; sourceTree = "<group>"; };
		745997B71F59A283001D93BE /* Info.plist */ = {isa = PBXFileReference; lastKnownFileType = text.plist.xml; path = Info.plist; sourceTree = "<group>"; };
		745997E31F59C84F001D93BE /* BugReportViewController.swift */ = {isa = PBXFileReference; fileEncoding = 4; lastKnownFileType = sourcecode.swift; path = BugReportViewController.swift; sourceTree = "<group>"; };
		999455088CCB3E8F8E1E3B97 /* Pods-BugBlasterExample.debug.xcconfig */ = {isa = PBXFileReference; includeInIndex = 1; lastKnownFileType = text.xcconfig; name = "Pods-BugBlasterExample.debug.xcconfig"; path = "Pods/Target Support Files/Pods-BugBlasterExample/Pods-BugBlasterExample.debug.xcconfig"; sourceTree = "<group>"; };
		AC752BDDF483D9BB7ED3770C /* Pods_BugBlasterExample.framework */ = {isa = PBXFileReference; explicitFileType = wrapper.framework; includeInIndex = 0; path = Pods_BugBlasterExample.framework; sourceTree = BUILT_PRODUCTS_DIR; };
/* End PBXFileReference section */

/* Begin PBXFrameworksBuildPhase section */
		745997A51F59A283001D93BE /* Frameworks */ = {
			isa = PBXFrameworksBuildPhase;
			buildActionMask = 2147483647;
			files = (
				479AC3DFB81430774EF2AAC9 /* Pods_BugBlasterExample.framework in Frameworks */,
			);
			runOnlyForDeploymentPostprocessing = 0;
		};
/* End PBXFrameworksBuildPhase section */

/* Begin PBXGroup section */
		664437E2623B7DD2E4910032 /* Frameworks */ = {
			isa = PBXGroup;
			children = (
				AC752BDDF483D9BB7ED3770C /* Pods_BugBlasterExample.framework */,
			);
			name = Frameworks;
			sourceTree = "<group>";
		};
		7459979F1F59A283001D93BE = {
			isa = PBXGroup;
			children = (
				745997AA1F59A283001D93BE /* BugBlasterExample */,
				745997A91F59A283001D93BE /* Products */,
				F936F7FA812307BDB7030B15 /* Pods */,
				664437E2623B7DD2E4910032 /* Frameworks */,
			);
			sourceTree = "<group>";
		};
		745997A91F59A283001D93BE /* Products */ = {
			isa = PBXGroup;
			children = (
				745997A81F59A283001D93BE /* BugBlasterExample.app */,
			);
			name = Products;
			sourceTree = "<group>";
		};
		745997AA1F59A283001D93BE /* BugBlasterExample */ = {
			isa = PBXGroup;
			children = (
				745997AB1F59A283001D93BE /* AppDelegate.swift */,
				745997AD1F59A283001D93BE /* ViewController.swift */,
				745997AF1F59A283001D93BE /* Main.storyboard */,
				745997B21F59A283001D93BE /* Assets.xcassets */,
				745997B41F59A283001D93BE /* LaunchScreen.storyboard */,
				745997B71F59A283001D93BE /* Info.plist */,
				745997E31F59C84F001D93BE /* BugReportViewController.swift */,
			);
			path = BugBlasterExample;
			sourceTree = "<group>";
		};
		F936F7FA812307BDB7030B15 /* Pods */ = {
			isa = PBXGroup;
			children = (
				999455088CCB3E8F8E1E3B97 /* Pods-BugBlasterExample.debug.xcconfig */,
				608A95783F950FD233822C4D /* Pods-BugBlasterExample.release.xcconfig */,
			);
			name = Pods;
			sourceTree = "<group>";
		};
/* End PBXGroup section */

/* Begin PBXNativeTarget section */
		745997A71F59A283001D93BE /* BugBlasterExample */ = {
			isa = PBXNativeTarget;
			buildConfigurationList = 745997BA1F59A283001D93BE /* Build configuration list for PBXNativeTarget "BugBlasterExample" */;
			buildPhases = (
				AC8DF703CD65F4995D243790 /* [CP] Check Pods Manifest.lock */,
				745997A41F59A283001D93BE /* Sources */,
				745997A51F59A283001D93BE /* Frameworks */,
				745997A61F59A283001D93BE /* Resources */,
				17554E80BCB653709F4A16E4 /* [CP] Embed Pods Frameworks */,
				508C2E9929A0CFE9B1236B9C /* [CP] Copy Pods Resources */,
			);
			buildRules = (
			);
			dependencies = (
			);
			name = BugBlasterExample;
			productName = BugBlasterExample;
			productReference = 745997A81F59A283001D93BE /* BugBlasterExample.app */;
			productType = "com.apple.product-type.application";
		};
/* End PBXNativeTarget section */

/* Begin PBXProject section */
		745997A01F59A283001D93BE /* Project object */ = {
			isa = PBXProject;
			attributes = {
				LastSwiftUpdateCheck = 0830;
				LastUpgradeCheck = 0830;
				ORGANIZATIONNAME = "Yeung Yiu Hung";
				TargetAttributes = {
					745997A71F59A283001D93BE = {
						CreatedOnToolsVersion = 8.3.1;
						DevelopmentTeam = EWTFSD7VTD;
						ProvisioningStyle = Automatic;
					};
				};
			};
			buildConfigurationList = 745997A31F59A283001D93BE /* Build configuration list for PBXProject "BugBlasterExample" */;
			compatibilityVersion = "Xcode 3.2";
			developmentRegion = English;
			hasScannedForEncodings = 0;
			knownRegions = (
				en,
				Base,
			);
			mainGroup = 7459979F1F59A283001D93BE;
			productRefGroup = 745997A91F59A283001D93BE /* Products */;
			projectDirPath = "";
			projectRoot = "";
			targets = (
				745997A71F59A283001D93BE /* BugBlasterExample */,
			);
		};
/* End PBXProject section */

/* Begin PBXResourcesBuildPhase section */
		745997A61F59A283001D93BE /* Resources */ = {
			isa = PBXResourcesBuildPhase;
			buildActionMask = 2147483647;
			files = (
				745997B61F59A283001D93BE /* LaunchScreen.storyboard in Resources */,
				745997B31F59A283001D93BE /* Assets.xcassets in Resources */,
				745997B11F59A283001D93BE /* Main.storyboard in Resources */,
			);
			runOnlyForDeploymentPostprocessing = 0;
		};
/* End PBXResourcesBuildPhase section */

/* Begin PBXShellScriptBuildPhase section */
		17554E80BCB653709F4A16E4 /* [CP] Embed Pods Frameworks */ = {
			isa = PBXShellScriptBuildPhase;
			buildActionMask = 2147483647;
			files = (
			);
			inputPaths = (
				"${SRCROOT}/Pods/Target Support Files/Pods-BugBlasterExample/Pods-BugBlasterExample-frameworks.sh",
				"${BUILT_PRODUCTS_DIR}/BugBlaster/BugBlaster.framework",
				"${BUILT_PRODUCTS_DIR}/PainterKit/PainterKit.framework",
				"${BUILT_PRODUCTS_DIR}/SnapKit/SnapKit.framework",
			);
			name = "[CP] Embed Pods Frameworks";
			outputPaths = (
				"${TARGET_BUILD_DIR}/${FRAMEWORKS_FOLDER_PATH}/BugBlaster.framework",
				"${TARGET_BUILD_DIR}/${FRAMEWORKS_FOLDER_PATH}/PainterKit.framework",
				"${TARGET_BUILD_DIR}/${FRAMEWORKS_FOLDER_PATH}/SnapKit.framework",
			);
			runOnlyForDeploymentPostprocessing = 0;
			shellPath = /bin/sh;
			shellScript = "\"${SRCROOT}/Pods/Target Support Files/Pods-BugBlasterExample/Pods-BugBlasterExample-frameworks.sh\"\n";
			showEnvVarsInLog = 0;
		};
		508C2E9929A0CFE9B1236B9C /* [CP] Copy Pods Resources */ = {
			isa = PBXShellScriptBuildPhase;
			buildActionMask = 2147483647;
			files = (
			);
			inputPaths = (
			);
			name = "[CP] Copy Pods Resources";
			outputPaths = (
			);
			runOnlyForDeploymentPostprocessing = 0;
			shellPath = /bin/sh;
			shellScript = "\"${SRCROOT}/Pods/Target Support Files/Pods-BugBlasterExample/Pods-BugBlasterExample-resources.sh\"\n";
			showEnvVarsInLog = 0;
		};
		AC8DF703CD65F4995D243790 /* [CP] Check Pods Manifest.lock */ = {
			isa = PBXShellScriptBuildPhase;
			buildActionMask = 2147483647;
			files = (
			);
			inputPaths = (
				"${PODS_PODFILE_DIR_PATH}/Podfile.lock",
				"${PODS_ROOT}/Manifest.lock",
			);
			name = "[CP] Check Pods Manifest.lock";
			outputPaths = (
				"$(DERIVED_FILE_DIR)/Pods-BugBlasterExample-checkManifestLockResult.txt",
			);
			runOnlyForDeploymentPostprocessing = 0;
			shellPath = /bin/sh;
			shellScript = "diff \"${PODS_PODFILE_DIR_PATH}/Podfile.lock\" \"${PODS_ROOT}/Manifest.lock\" > /dev/null\nif [ $? != 0 ] ; then\n    # print error to STDERR\n    echo \"error: The sandbox is not in sync with the Podfile.lock. Run 'pod install' or update your CocoaPods installation.\" >&2\n    exit 1\nfi\n# This output is used by Xcode 'outputs' to avoid re-running this script phase.\necho \"SUCCESS\" > \"${SCRIPT_OUTPUT_FILE_0}\"\n";
			showEnvVarsInLog = 0;
		};
/* End PBXShellScriptBuildPhase section */

/* Begin PBXSourcesBuildPhase section */
		745997A41F59A283001D93BE /* Sources */ = {
			isa = PBXSourcesBuildPhase;
			buildActionMask = 2147483647;
			files = (
				745997E41F59C84F001D93BE /* BugReportViewController.swift in Sources */,
				745997AE1F59A283001D93BE /* ViewController.swift in Sources */,
				745997AC1F59A283001D93BE /* AppDelegate.swift in Sources */,
			);
			runOnlyForDeploymentPostprocessing = 0;
		};
/* End PBXSourcesBuildPhase section */

/* Begin PBXVariantGroup section */
		745997AF1F59A283001D93BE /* Main.storyboard */ = {
			isa = PBXVariantGroup;
			children = (
				745997B01F59A283001D93BE /* Base */,
			);
			name = Main.storyboard;
			sourceTree = "<group>";
		};
		745997B41F59A283001D93BE /* LaunchScreen.storyboard */ = {
			isa = PBXVariantGroup;
			children = (
				745997B51F59A283001D93BE /* Base */,
			);
			name = LaunchScreen.storyboard;
			sourceTree = "<group>";
		};
/* End PBXVariantGroup section */

/* Begin XCBuildConfiguration section */
		745997B81F59A283001D93BE /* Debug */ = {
			isa = XCBuildConfiguration;
			buildSettings = {
				ALWAYS_SEARCH_USER_PATHS = NO;
				CLANG_ANALYZER_NONNULL = YES;
				CLANG_ANALYZER_NUMBER_OBJECT_CONVERSION = YES_AGGRESSIVE;
				CLANG_CXX_LANGUAGE_STANDARD = "gnu++0x";
				CLANG_CXX_LIBRARY = "libc++";
				CLANG_ENABLE_MODULES = YES;
				CLANG_ENABLE_OBJC_ARC = YES;
				CLANG_WARN_BOOL_CONVERSION = YES;
				CLANG_WARN_CONSTANT_CONVERSION = YES;
				CLANG_WARN_DIRECT_OBJC_ISA_USAGE = YES_ERROR;
				CLANG_WARN_DOCUMENTATION_COMMENTS = YES;
				CLANG_WARN_EMPTY_BODY = YES;
				CLANG_WARN_ENUM_CONVERSION = YES;
				CLANG_WARN_INFINITE_RECURSION = YES;
				CLANG_WARN_INT_CONVERSION = YES;
				CLANG_WARN_OBJC_ROOT_CLASS = YES_ERROR;
				CLANG_WARN_SUSPICIOUS_MOVE = YES;
				CLANG_WARN_UNREACHABLE_CODE = YES;
				CLANG_WARN__DUPLICATE_METHOD_MATCH = YES;
				"CODE_SIGN_IDENTITY[sdk=iphoneos*]" = "iPhone Developer";
				COPY_PHASE_STRIP = NO;
				DEBUG_INFORMATION_FORMAT = dwarf;
				ENABLE_STRICT_OBJC_MSGSEND = YES;
				ENABLE_TESTABILITY = YES;
				GCC_C_LANGUAGE_STANDARD = gnu99;
				GCC_DYNAMIC_NO_PIC = NO;
				GCC_NO_COMMON_BLOCKS = YES;
				GCC_OPTIMIZATION_LEVEL = 0;
				GCC_PREPROCESSOR_DEFINITIONS = (
					"DEBUG=1",
					"$(inherited)",
				);
				GCC_WARN_64_TO_32_BIT_CONVERSION = YES;
				GCC_WARN_ABOUT_RETURN_TYPE = YES_ERROR;
				GCC_WARN_UNDECLARED_SELECTOR = YES;
				GCC_WARN_UNINITIALIZED_AUTOS = YES_AGGRESSIVE;
				GCC_WARN_UNUSED_FUNCTION = YES;
				GCC_WARN_UNUSED_VARIABLE = YES;
				IPHONEOS_DEPLOYMENT_TARGET = 10.3;
				MTL_ENABLE_DEBUG_INFO = YES;
				ONLY_ACTIVE_ARCH = YES;
				SDKROOT = iphoneos;
				SWIFT_ACTIVE_COMPILATION_CONDITIONS = DEBUG;
				SWIFT_OPTIMIZATION_LEVEL = "-Onone";
				TARGETED_DEVICE_FAMILY = "1,2";
			};
			name = Debug;
		};
		745997B91F59A283001D93BE /* Release */ = {
			isa = XCBuildConfiguration;
			buildSettings = {
				ALWAYS_SEARCH_USER_PATHS = NO;
				CLANG_ANALYZER_NONNULL = YES;
				CLANG_ANALYZER_NUMBER_OBJECT_CONVERSION = YES_AGGRESSIVE;
				CLANG_CXX_LANGUAGE_STANDARD = "gnu++0x";
				CLANG_CXX_LIBRARY = "libc++";
				CLANG_ENABLE_MODULES = YES;
				CLANG_ENABLE_OBJC_ARC = YES;
				CLANG_WARN_BOOL_CONVERSION = YES;
				CLANG_WARN_CONSTANT_CONVERSION = YES;
				CLANG_WARN_DIRECT_OBJC_ISA_USAGE = YES_ERROR;
				CLANG_WARN_DOCUMENTATION_COMMENTS = YES;
				CLANG_WARN_EMPTY_BODY = YES;
				CLANG_WARN_ENUM_CONVERSION = YES;
				CLANG_WARN_INFINITE_RECURSION = YES;
				CLANG_WARN_INT_CONVERSION = YES;
				CLANG_WARN_OBJC_ROOT_CLASS = YES_ERROR;
				CLANG_WARN_SUSPICIOUS_MOVE = YES;
				CLANG_WARN_UNREACHABLE_CODE = YES;
				CLANG_WARN__DUPLICATE_METHOD_MATCH = YES;
				"CODE_SIGN_IDENTITY[sdk=iphoneos*]" = "iPhone Developer";
				COPY_PHASE_STRIP = NO;
				DEBUG_INFORMATION_FORMAT = "dwarf-with-dsym";
				ENABLE_NS_ASSERTIONS = NO;
				ENABLE_STRICT_OBJC_MSGSEND = YES;
				GCC_C_LANGUAGE_STANDARD = gnu99;
				GCC_NO_COMMON_BLOCKS = YES;
				GCC_WARN_64_TO_32_BIT_CONVERSION = YES;
				GCC_WARN_ABOUT_RETURN_TYPE = YES_ERROR;
				GCC_WARN_UNDECLARED_SELECTOR = YES;
				GCC_WARN_UNINITIALIZED_AUTOS = YES_AGGRESSIVE;
				GCC_WARN_UNUSED_FUNCTION = YES;
				GCC_WARN_UNUSED_VARIABLE = YES;
				IPHONEOS_DEPLOYMENT_TARGET = 10.3;
				MTL_ENABLE_DEBUG_INFO = NO;
				SDKROOT = iphoneos;
				SWIFT_OPTIMIZATION_LEVEL = "-Owholemodule";
				TARGETED_DEVICE_FAMILY = "1,2";
				VALIDATE_PRODUCT = YES;
			};
			name = Release;
		};
		745997BB1F59A283001D93BE /* Debug */ = {
			isa = XCBuildConfiguration;
			baseConfigurationReference = 999455088CCB3E8F8E1E3B97 /* Pods-BugBlasterExample.debug.xcconfig */;
			buildSettings = {
				ASSETCATALOG_COMPILER_APPICON_NAME = AppIcon;
				DEVELOPMENT_TEAM = EWTFSD7VTD;
				INFOPLIST_FILE = BugBlasterExample/Info.plist;
				LD_RUNPATH_SEARCH_PATHS = "$(inherited) @executable_path/Frameworks";
				PRODUCT_BUNDLE_IDENTIFIER = com.darkcl.BugBlasterExample;
				PRODUCT_NAME = "$(TARGET_NAME)";
				SWIFT_VERSION = 3.0;
			};
			name = Debug;
		};
		745997BC1F59A283001D93BE /* Release */ = {
			isa = XCBuildConfiguration;
			baseConfigurationReference = 608A95783F950FD233822C4D /* Pods-BugBlasterExample.release.xcconfig */;
			buildSettings = {
				ASSETCATALOG_COMPILER_APPICON_NAME = AppIcon;
				DEVELOPMENT_TEAM = EWTFSD7VTD;
				INFOPLIST_FILE = BugBlasterExample/Info.plist;
				LD_RUNPATH_SEARCH_PATHS = "$(inherited) @executable_path/Frameworks";
				PRODUCT_BUNDLE_IDENTIFIER = com.darkcl.BugBlasterExample;
				PRODUCT_NAME = "$(TARGET_NAME)";
				SWIFT_VERSION = 3.0;
			};
			name = Release;
		};
/* End XCBuildConfiguration section */

/* Begin XCConfigurationList section */
		745997A31F59A283001D93BE /* Build configuration list for PBXProject "BugBlasterExample" */ = {
			isa = XCConfigurationList;
			buildConfigurations = (
				745997B81F59A283001D93BE /* Debug */,
				745997B91F59A283001D93BE /* Release */,
			);
			defaultConfigurationIsVisible = 0;
			defaultConfigurationName = Release;
		};
		745997BA1F59A283001D93BE /* Build configuration list for PBXNativeTarget "BugBlasterExample" */ = {
			isa = XCConfigurationList;
			buildConfigurations = (
				745997BB1F59A283001D93BE /* Debug */,
				745997BC1F59A283001D93BE /* Release */,
			);
			defaultConfigurationIsVisible = 0;
			defaultConfigurationName = Release;
		};
/* End XCConfigurationList section */
	};
	rootObject = 745997A01F59A283001D93BE /* Project object */;
}
