PODS:
  - BugBlaster (0.0.1)
  - PainterKit (0.1.0)
  - SnapKit (3.2.0)

DEPENDENCIES:
  - BugBlaster (from `../`)
  - PainterKit
  - SnapKit

EXTERNAL SOURCES:
  BugBlaster:
    :path: ../

SPEC CHECKSUMS:
  BugBlaster: 7225e294216a01ddc67a50ab402fc2483594f92f
  PainterKit: feda1e21e24af22196d810d47e29fc55cc444ba4
  SnapKit: 1ca44df72cfa543218d177cb8aab029d10d86ea7

PODFILE CHECKSUM: 1231265776034aed72b52bad8fd3726235569fa9

COCOAPODS: 1.3.1
