// !$*UTF8*$!
{
	archiveVersion = 1;
	classes = {
	};
	objectVersion = 46;
	objects = {

/* Begin PBXBuildFile section */
		745997BF1F59BAF0001D93BE /* MessageUI.framework in Frameworks */ = {isa = PBXBuildFile; fileRef = 745997BE1F59BAF0001D93BE /* MessageUI.framework */; };
		745997E71F5A547C001D93BE /* BBNavigationController.h in Headers */ = {isa = PBXBuildFile; fileRef = 745997E51F5A547C001D93BE /* BBNavigationController.h */; };
		745997E81F5A547C001D93BE /* BBNavigationController.m in Sources */ = {isa = PBXBuildFile; fileRef = 745997E61F5A547C001D93BE /* BBNavigationController.m */; };
		745997F01F5AEBC0001D93BE /* BBReport.h in Headers */ = {isa = PBXBuildFile; fileRef = 745997EE1F5AEBC0001D93BE /* BBReport.h */; };
		745997F11F5AEBC0001D93BE /* BBReport.m in Sources */ = {isa = PBXBuildFile; fileRef = 745997EF1F5AEBC0001D93BE /* BBReport.m */; };
		74864A161F597F610090648D /* Info.plist in Resources */ = {isa = PBXBuildFile; fileRef = 74864A101F597F2E0090648D /* Info.plist */; };
		74864A1A1F5980450090648D /* BugBlaster.podspec in Resources */ = {isa = PBXBuildFile; fileRef = 74864A191F5980450090648D /* BugBlaster.podspec */; };
		74864A1C1F5980740090648D /* README.md in Sources */ = {isa = PBXBuildFile; fileRef = 74864A1B1F5980740090648D /* README.md */; };
		74864A1E1F5981340090648D /* LICENSE in Resources */ = {isa = PBXBuildFile; fileRef = 74864A1D1F5981340090648D /* LICENSE */; };
		74864A3E1F5981FD0090648D /* BugBlasterTests.swift in Sources */ = {isa = PBXBuildFile; fileRef = 74864A3D1F5981FD0090648D /* BugBlasterTests.swift */; };
		74864A401F5981FD0090648D /* BugBlaster.framework in Frameworks */ = {isa = PBXBuildFile; fileRef = 74864A0C1F597F2D0090648D /* BugBlaster.framework */; };
		74864A571F599A230090648D /* BugBlaster.h in Headers */ = {isa = PBXBuildFile; fileRef = 74864A551F599A230090648D /* BugBlaster.h */; settings = {ATTRIBUTES = (Public, ); }; };
		74864A581F599A230090648D /* BugBlaster.m in Sources */ = {isa = PBXBuildFile; fileRef = 74864A561F599A230090648D /* BugBlaster.m */; };
		74864A5B1F599AF70090648D /* BBWindow.h in Headers */ = {isa = PBXBuildFile; fileRef = 74864A591F599AF70090648D /* BBWindow.h */; };
		74864A5C1F599AF70090648D /* BBWindow.m in Sources */ = {isa = PBXBuildFile; fileRef = 74864A5A1F599AF70090648D /* BBWindow.m */; };
		74864A5F1F599B270090648D /* BBScreenshotUtility.h in Headers */ = {isa = PBXBuildFile; fileRef = 74864A5D1F599B270090648D /* BBScreenshotUtility.h */; };
		74864A601F599B270090648D /* BBScreenshotUtility.m in Sources */ = {isa = PBXBuildFile; fileRef = 74864A5E1F599B270090648D /* BBScreenshotUtility.m */; };
		74864A621F599DC90090648D /* BBOverlayViewDelegate.h in Headers */ = {isa = PBXBuildFile; fileRef = 74864A611F599DC90090648D /* BBOverlayViewDelegate.h */; };
		74864A651F599E440090648D /* BBOverlayView.h in Headers */ = {isa = PBXBuildFile; fileRef = 74864A631F599E440090648D /* BBOverlayView.h */; };
		74864A661F599E440090648D /* BBOverlayView.m in Sources */ = {isa = PBXBuildFile; fileRef = 74864A641F599E440090648D /* BBOverlayView.m */; };
		74864A711F59A0FC0090648D /* ebb_icon-bug.png in Resources */ = {isa = PBXBuildFile; fileRef = 74864A6D1F59A0FC0090648D /* ebb_icon-bug.png */; };
		74864A721F59A0FC0090648D /* ebb_icon-bug@2x.png in Resources */ = {isa = PBXBuildFile; fileRef = 74864A6E1F59A0FC0090648D /* ebb_icon-bug@2x.png */; };
		74864A731F59A0FC0090648D /* ebb_icon_close_circle.png in Resources */ = {isa = PBXBuildFile; fileRef = 74864A6F1F59A0FC0090648D /* ebb_icon_close_circle.png */; };
		74864A741F59A0FC0090648D /* ebb_icon_close_circle@2x.png in Resources */ = {isa = PBXBuildFile; fileRef = 74864A701F59A0FC0090648D /* ebb_icon_close_circle@2x.png */; };
/* End PBXBuildFile section */

/* Begin PBXContainerItemProxy section */
		74864A411F5981FD0090648D /* PBXContainerItemProxy */ = {
			isa = PBXContainerItemProxy;
			containerPortal = 748649D61F597C850090648D /* Project object */;
			proxyType = 1;
			remoteGlobalIDString = 74864A0B1F597F2D0090648D;
			remoteInfo = BugBlaster;
		};
/* End PBXContainerItemProxy section */

/* Begin PBXFileReference section */
		745997BE1F59BAF0001D93BE /* MessageUI.framework */ = {isa = PBXFileReference; lastKnownFileType = wrapper.framework; name = MessageUI.framework; path = Platforms/iPhoneOS.platform/Developer/SDKs/iPhoneOS10.3.sdk/System/Library/Frameworks/MessageUI.framework; sourceTree = DEVELOPER_DIR; };
		745997E51F5A547C001D93BE /* BBNavigationController.h */ = {isa = PBXFileReference; fileEncoding = 4; lastKnownFileType = sourcecode.c.h; path = BBNavigationController.h; sourceTree = "<group>"; };
		745997E61F5A547C001D93BE /* BBNavigationController.m */ = {isa = PBXFileReference; fileEncoding = 4; lastKnownFileType = sourcecode.c.objc; path = BBNavigationController.m; sourceTree = "<group>"; };
		745997EE1F5AEBC0001D93BE /* BBReport.h */ = {isa = PBXFileReference; fileEncoding = 4; lastKnownFileType = sourcecode.c.h; path = BBReport.h; sourceTree = "<group>"; };
		745997EF1F5AEBC0001D93BE /* BBReport.m */ = {isa = PBXFileReference; fileEncoding = 4; lastKnownFileType = sourcecode.c.objc; path = BBReport.m; sourceTree = "<group>"; };
		74864A0C1F597F2D0090648D /* BugBlaster.framework */ = {isa = PBXFileReference; explicitFileType = wrapper.framework; includeInIndex = 0; path = BugBlaster.framework; sourceTree = BUILT_PRODUCTS_DIR; };
		74864A101F597F2E0090648D /* Info.plist */ = {isa = PBXFileReference; lastKnownFileType = text.plist.xml; path = Info.plist; sourceTree = "<group>"; };
		74864A191F5980450090648D /* BugBlaster.podspec */ = {isa = PBXFileReference; fileEncoding = 4; lastKnownFileType = text; path = BugBlaster.podspec; sourceTree = "<group>"; };
		74864A1B1F5980740090648D /* README.md */ = {isa = PBXFileReference; fileEncoding = 4; lastKnownFileType = net.daringfireball.markdown; path = README.md; sourceTree = "<group>"; };
		74864A1D1F5981340090648D /* LICENSE */ = {isa = PBXFileReference; fileEncoding = 4; lastKnownFileType = text; path = LICENSE; sourceTree = "<group>"; };
		74864A3B1F5981FD0090648D /* BugBlasterTests.xctest */ = {isa = PBXFileReference; explicitFileType = wrapper.cfbundle; includeInIndex = 0; path = BugBlasterTests.xctest; sourceTree = BUILT_PRODUCTS_DIR; };
		74864A3D1F5981FD0090648D /* BugBlasterTests.swift */ = {isa = PBXFileReference; lastKnownFileType = sourcecode.swift; path = BugBlasterTests.swift; sourceTree = "<group>"; };
		74864A3F1F5981FD0090648D /* Info.plist */ = {isa = PBXFileReference; lastKnownFileType = text.plist.xml; path = Info.plist; sourceTree = "<group>"; };
		74864A551F599A230090648D /* BugBlaster.h */ = {isa = PBXFileReference; fileEncoding = 4; lastKnownFileType = sourcecode.c.h; name = BugBlaster.h; path = Sources/BugBlaster.h; sourceTree = "<group>"; };
		74864A561F599A230090648D /* BugBlaster.m */ = {isa = PBXFileReference; fileEncoding = 4; lastKnownFileType = sourcecode.c.objc; name = BugBlaster.m; path = Sources/BugBlaster.m; sourceTree = "<group>"; };
		74864A591F599AF70090648D /* BBWindow.h */ = {isa = PBXFileReference; fileEncoding = 4; lastKnownFileType = sourcecode.c.h; path = BBWindow.h; sourceTree = "<group>"; };
		74864A5A1F599AF70090648D /* BBWindow.m */ = {isa = PBXFileReference; fileEncoding = 4; lastKnownFileType = sourcecode.c.objc; path = BBWindow.m; sourceTree = "<group>"; };
		74864A5D1F599B270090648D /* BBScreenshotUtility.h */ = {isa = PBXFileReference; fileEncoding = 4; lastKnownFileType = sourcecode.c.h; path = BBScreenshotUtility.h; sourceTree = "<group>"; };
		74864A5E1F599B270090648D /* BBScreenshotUtility.m */ = {isa = PBXFileReference; fileEncoding = 4; lastKnownFileType = sourcecode.c.objc; path = BBScreenshotUtility.m; sourceTree = "<group>"; };
		74864A611F599DC90090648D /* BBOverlayViewDelegate.h */ = {isa = PBXFileReference; fileEncoding = 4; lastKnownFileType = sourcecode.c.h; path = BBOverlayViewDelegate.h; sourceTree = "<group>"; };
		74864A631F599E440090648D /* BBOverlayView.h */ = {isa = PBXFileReference; fileEncoding = 4; lastKnownFileType = sourcecode.c.h; path = BBOverlayView.h; sourceTree = "<group>"; };
		74864A641F599E440090648D /* BBOverlayView.m */ = {isa = PBXFileReference; fileEncoding = 4; lastKnownFileType = sourcecode.c.objc; path = BBOverlayView.m; sourceTree = "<group>"; };
		74864A6D1F59A0FC0090648D /* ebb_icon-bug.png */ = {isa = PBXFileReference; lastKnownFileType = image.png; path = "ebb_icon-bug.png"; sourceTree = "<group>"; };
		74864A6E1F59A0FC0090648D /* ebb_icon-bug@2x.png */ = {isa = PBXFileReference; lastKnownFileType = image.png; path = "ebb_icon-bug@2x.png"; sourceTree = "<group>"; };
		74864A6F1F59A0FC0090648D /* ebb_icon_close_circle.png */ = {isa = PBXFileReference; lastKnownFileType = image.png; path = ebb_icon_close_circle.png; sourceTree = "<group>"; };
		74864A701F59A0FC0090648D /* ebb_icon_close_circle@2x.png */ = {isa = PBXFileReference; lastKnownFileType = image.png; path = "ebb_icon_close_circle@2x.png"; sourceTree = "<group>"; };
/* End PBXFileReference section */

/* Begin PBXFrameworksBuildPhase section */
		74864A081F597F2D0090648D /* Frameworks */ = {
			isa = PBXFrameworksBuildPhase;
			buildActionMask = 2147483647;
			files = (
				745997BF1F59BAF0001D93BE /* MessageUI.framework in Frameworks */,
			);
			runOnlyForDeploymentPostprocessing = 0;
		};
		74864A381F5981FD0090648D /* Frameworks */ = {
			isa = PBXFrameworksBuildPhase;
			buildActionMask = 2147483647;
			files = (
				74864A401F5981FD0090648D /* BugBlaster.framework in Frameworks */,
			);
			runOnlyForDeploymentPostprocessing = 0;
		};
/* End PBXFrameworksBuildPhase section */

/* Begin PBXGroup section */
		745997BD1F59BAF0001D93BE /* Frameworks */ = {
			isa = PBXGroup;
			children = (
				745997BE1F59BAF0001D93BE /* MessageUI.framework */,
			);
			name = Frameworks;
			sourceTree = "<group>";
		};
		745997E91F5AD20A001D93BE /* Models */ = {
			isa = PBXGroup;
			children = (
				745997EE1F5AEBC0001D93BE /* BBReport.h */,
				745997EF1F5AEBC0001D93BE /* BBReport.m */,
			);
			name = Models;
			sourceTree = "<group>";
		};
		748649D51F597C850090648D = {
			isa = PBXGroup;
			children = (
				74864A6C1F59A0FC0090648D /* Resource */,
				74864A181F597FD10090648D /* Metadata */,
				74864A151F597F470090648D /* Sources */,
				74864A551F599A230090648D /* BugBlaster.h */,
				74864A561F599A230090648D /* BugBlaster.m */,
				74864A0E1F597F2E0090648D /* BugBlaster */,
				74864A3C1F5981FD0090648D /* BugBlasterTests */,
				74864A0D1F597F2D0090648D /* Products */,
				745997BD1F59BAF0001D93BE /* Frameworks */,
			);
			sourceTree = "<group>";
		};
		74864A0D1F597F2D0090648D /* Products */ = {
			isa = PBXGroup;
			children = (
				74864A0C1F597F2D0090648D /* BugBlaster.framework */,
				74864A3B1F5981FD0090648D /* BugBlasterTests.xctest */,
			);
			name = Products;
			sourceTree = "<group>";
		};
		74864A0E1F597F2E0090648D /* BugBlaster */ = {
			isa = PBXGroup;
			children = (
				74864A101F597F2E0090648D /* Info.plist */,
			);
			path = BugBlaster;
			sourceTree = "<group>";
		};
		74864A151F597F470090648D /* Sources */ = {
			isa = PBXGroup;
			children = (
				745997E91F5AD20A001D93BE /* Models */,
				74864A4E1F5993600090648D /* Protocol */,
				74864A4B1F598A2D0090648D /* Utilities */,
				74864A4A1F598A240090648D /* Views */,
			);
			path = Sources;
			sourceTree = "<group>";
		};
		74864A181F597FD10090648D /* Metadata */ = {
			isa = PBXGroup;
			children = (
				74864A1D1F5981340090648D /* LICENSE */,
				74864A191F5980450090648D /* BugBlaster.podspec */,
				74864A1B1F5980740090648D /* README.md */,
			);
			name = Metadata;
			sourceTree = "<group>";
		};
		74864A3C1F5981FD0090648D /* BugBlasterTests */ = {
			isa = PBXGroup;
			children = (
				74864A3D1F5981FD0090648D /* BugBlasterTests.swift */,
				74864A3F1F5981FD0090648D /* Info.plist */,
			);
			path = BugBlasterTests;
			sourceTree = "<group>";
		};
		74864A4A1F598A240090648D /* Views */ = {
			isa = PBXGroup;
			children = (
				74864A6B1F599F020090648D /* Overlay */,
			);
			name = Views;
			sourceTree = "<group>";
		};
		74864A4B1F598A2D0090648D /* Utilities */ = {
			isa = PBXGroup;
			children = (
				74864A5D1F599B270090648D /* BBScreenshotUtility.h */,
				74864A5E1F599B270090648D /* BBScreenshotUtility.m */,
			);
			name = Utilities;
			sourceTree = "<group>";
		};
		74864A4E1F5993600090648D /* Protocol */ = {
			isa = PBXGroup;
			children = (
				74864A611F599DC90090648D /* BBOverlayViewDelegate.h */,
			);
			name = Protocol;
			sourceTree = "<group>";
		};
		74864A6B1F599F020090648D /* Overlay */ = {
			isa = PBXGroup;
			children = (
				74864A591F599AF70090648D /* BBWindow.h */,
				74864A5A1F599AF70090648D /* BBWindow.m */,
				74864A631F599E440090648D /* BBOverlayView.h */,
				74864A641F599E440090648D /* BBOverlayView.m */,
				745997E51F5A547C001D93BE /* BBNavigationController.h */,
				745997E61F5A547C001D93BE /* BBNavigationController.m */,
			);
			name = Overlay;
			sourceTree = "<group>";
		};
		74864A6C1F59A0FC0090648D /* Resource */ = {
			isa = PBXGroup;
			children = (
				74864A6D1F59A0FC0090648D /* ebb_icon-bug.png */,
				74864A6E1F59A0FC0090648D /* ebb_icon-bug@2x.png */,
				74864A6F1F59A0FC0090648D /* ebb_icon_close_circle.png */,
				74864A701F59A0FC0090648D /* ebb_icon_close_circle@2x.png */,
			);
			path = Resource;
			sourceTree = "<group>";
		};
/* End PBXGroup section */

/* Begin PBXHeadersBuildPhase section */
		74864A091F597F2D0090648D /* Headers */ = {
			isa = PBXHeadersBuildPhase;
			buildActionMask = 2147483647;
			files = (
				74864A5B1F599AF70090648D /* BBWindow.h in Headers */,
				74864A621F599DC90090648D /* BBOverlayViewDelegate.h in Headers */,
				745997F01F5AEBC0001D93BE /* BBReport.h in Headers */,
				74864A5F1F599B270090648D /* BBScreenshotUtility.h in Headers */,
				74864A651F599E440090648D /* BBOverlayView.h in Headers */,
				745997E71F5A547C001D93BE /* BBNavigationController.h in Headers */,
				74864A571F599A230090648D /* BugBlaster.h in Headers */,
			);
			runOnlyForDeploymentPostprocessing = 0;
		};
/* End PBXHeadersBuildPhase section */

/* Begin PBXNativeTarget section */
		74864A0B1F597F2D0090648D /* BugBlaster */ = {
			isa = PBXNativeTarget;
			buildConfigurationList = 74864A141F597F2E0090648D /* Build configuration list for PBXNativeTarget "BugBlaster" */;
			buildPhases = (
				74864A071F597F2D0090648D /* Sources */,
				74864A081F597F2D0090648D /* Frameworks */,
				74864A091F597F2D0090648D /* Headers */,
				74864A0A1F597F2D0090648D /* Resources */,
			);
			buildRules = (
			);
			dependencies = (
			);
			name = BugBlaster;
			productName = BugBlaster;
			productReference = 74864A0C1F597F2D0090648D /* BugBlaster.framework */;
			productType = "com.apple.product-type.framework";
		};
		74864A3A1F5981FD0090648D /* BugBlasterTests */ = {
			isa = PBXNativeTarget;
			buildConfigurationList = 74864A431F5981FD0090648D /* Build configuration list for PBXNativeTarget "BugBlasterTests" */;
			buildPhases = (
				74864A371F5981FD0090648D /* Sources */,
				74864A381F5981FD0090648D /* Frameworks */,
				74864A391F5981FD0090648D /* Resources */,
			);
			buildRules = (
			);
			dependencies = (
				74864A421F5981FD0090648D /* PBXTargetDependency */,
			);
			name = BugBlasterTests;
			productName = BugBlasterTests;
			productReference = 74864A3B1F5981FD0090648D /* BugBlasterTests.xctest */;
			productType = "com.apple.product-type.bundle.unit-test";
		};
/* End PBXNativeTarget section */

/* Begin PBXProject section */
		748649D61F597C850090648D /* Project object */ = {
			isa = PBXProject;
			attributes = {
				CLASSPREFIX = BB;
				LastSwiftUpdateCheck = 0830;
				LastUpgradeCheck = 0830;
				TargetAttributes = {
					74864A0B1F597F2D0090648D = {
						CreatedOnToolsVersion = 8.3.1;
						DevelopmentTeam = EWTFSD7VTD;
						ProvisioningStyle = Automatic;
					};
					74864A3A1F5981FD0090648D = {
						CreatedOnToolsVersion = 8.3.1;
						DevelopmentTeam = EWTFSD7VTD;
						ProvisioningStyle = Automatic;
					};
				};
			};
			buildConfigurationList = 748649D91F597C850090648D /* Build configuration list for PBXProject "BugBlaster" */;
			compatibilityVersion = "Xcode 3.2";
			developmentRegion = English;
			hasScannedForEncodings = 0;
			knownRegions = (
				en,
				Base,
			);
			mainGroup = 748649D51F597C850090648D;
			productRefGroup = 74864A0D1F597F2D0090648D /* Products */;
			projectDirPath = "";
			projectRoot = "";
			targets = (
				74864A0B1F597F2D0090648D /* BugBlaster */,
				74864A3A1F5981FD0090648D /* BugBlasterTests */,
			);
		};
/* End PBXProject section */

/* Begin PBXResourcesBuildPhase section */
		74864A0A1F597F2D0090648D /* Resources */ = {
			isa = PBXResourcesBuildPhase;
			buildActionMask = 2147483647;
			files = (
				74864A721F59A0FC0090648D /* ebb_icon-bug@2x.png in Resources */,
				74864A1E1F5981340090648D /* LICENSE in Resources */,
				74864A161F597F610090648D /* Info.plist in Resources */,
				74864A1A1F5980450090648D /* BugBlaster.podspec in Resources */,
				74864A741F59A0FC0090648D /* ebb_icon_close_circle@2x.png in Resources */,
				74864A711F59A0FC0090648D /* ebb_icon-bug.png in Resources */,
				74864A731F59A0FC0090648D /* ebb_icon_close_circle.png in Resources */,
			);
			runOnlyForDeploymentPostprocessing = 0;
		};
		74864A391F5981FD0090648D /* Resources */ = {
			isa = PBXResourcesBuildPhase;
			buildActionMask = 2147483647;
			files = (
			);
			runOnlyForDeploymentPostprocessing = 0;
		};
/* End PBXResourcesBuildPhase section */

/* Begin PBXSourcesBuildPhase section */
		74864A071F597F2D0090648D /* Sources */ = {
			isa = PBXSourcesBuildPhase;
			buildActionMask = 2147483647;
			files = (
				74864A581F599A230090648D /* BugBlaster.m in Sources */,
				74864A5C1F599AF70090648D /* BBWindow.m in Sources */,
				74864A601F599B270090648D /* BBScreenshotUtility.m in Sources */,
				745997F11F5AEBC0001D93BE /* BBReport.m in Sources */,
				74864A661F599E440090648D /* BBOverlayView.m in Sources */,
				74864A1C1F5980740090648D /* README.md in Sources */,
				745997E81F5A547C001D93BE /* BBNavigationController.m in Sources */,
			);
			runOnlyForDeploymentPostprocessing = 0;
		};
		74864A371F5981FD0090648D /* Sources */ = {
			isa = PBXSourcesBuildPhase;
			buildActionMask = 2147483647;
			files = (
				74864A3E1F5981FD0090648D /* BugBlasterTests.swift in Sources */,
			);
			runOnlyForDeploymentPostprocessing = 0;
		};
/* End PBXSourcesBuildPhase section */

/* Begin PBXTargetDependency section */
		74864A421F5981FD0090648D /* PBXTargetDependency */ = {
			isa = PBXTargetDependency;
			target = 74864A0B1F597F2D0090648D /* BugBlaster */;
			targetProxy = 74864A411F5981FD0090648D /* PBXContainerItemProxy */;
		};
/* End PBXTargetDependency section */

/* Begin XCBuildConfiguration section */
		748649DA1F597C850090648D /* Debug */ = {
			isa = XCBuildConfiguration;
			buildSettings = {
			};
			name = Debug;
		};
		748649DB1F597C850090648D /* Release */ = {
			isa = XCBuildConfiguration;
			buildSettings = {
			};
			name = Release;
		};
		74864A121F597F2E0090648D /* Debug */ = {
			isa = XCBuildConfiguration;
			buildSettings = {
				ALWAYS_SEARCH_USER_PATHS = NO;
				CLANG_ANALYZER_NONNULL = YES;
				CLANG_ANALYZER_NUMBER_OBJECT_CONVERSION = YES_AGGRESSIVE;
				CLANG_CXX_LANGUAGE_STANDARD = "gnu++0x";
				CLANG_CXX_LIBRARY = "libc++";
				CLANG_ENABLE_MODULES = YES;
				CLANG_ENABLE_OBJC_ARC = YES;
				CLANG_WARN_BOOL_CONVERSION = YES;
				CLANG_WARN_CONSTANT_CONVERSION = YES;
				CLANG_WARN_DIRECT_OBJC_ISA_USAGE = YES_ERROR;
				CLANG_WARN_DOCUMENTATION_COMMENTS = YES;
				CLANG_WARN_EMPTY_BODY = YES;
				CLANG_WARN_ENUM_CONVERSION = YES;
				CLANG_WARN_INFINITE_RECURSION = YES;
				CLANG_WARN_INT_CONVERSION = YES;
				CLANG_WARN_OBJC_ROOT_CLASS = YES_ERROR;
				CLANG_WARN_SUSPICIOUS_MOVE = YES;
				CLANG_WARN_UNREACHABLE_CODE = YES;
				CLANG_WARN__DUPLICATE_METHOD_MATCH = YES;
				CODE_SIGN_IDENTITY = "";
				"CODE_SIGN_IDENTITY[sdk=iphoneos*]" = "iPhone Developer";
				COPY_PHASE_STRIP = NO;
				CURRENT_PROJECT_VERSION = 1;
				DEBUG_INFORMATION_FORMAT = dwarf;
				DEFINES_MODULE = YES;
				DEVELOPMENT_TEAM = EWTFSD7VTD;
				DYLIB_COMPATIBILITY_VERSION = 1;
				DYLIB_CURRENT_VERSION = 1;
				DYLIB_INSTALL_NAME_BASE = "@rpath";
				ENABLE_STRICT_OBJC_MSGSEND = YES;
				ENABLE_TESTABILITY = YES;
				GCC_C_LANGUAGE_STANDARD = gnu99;
				GCC_DYNAMIC_NO_PIC = NO;
				GCC_NO_COMMON_BLOCKS = YES;
				GCC_OPTIMIZATION_LEVEL = 0;
				GCC_PREPROCESSOR_DEFINITIONS = (
					"DEBUG=1",
					"$(inherited)",
				);
				GCC_WARN_64_TO_32_BIT_CONVERSION = YES;
				GCC_WARN_ABOUT_RETURN_TYPE = YES_ERROR;
				GCC_WARN_UNDECLARED_SELECTOR = YES;
				GCC_WARN_UNINITIALIZED_AUTOS = YES_AGGRESSIVE;
				GCC_WARN_UNUSED_FUNCTION = YES;
				GCC_WARN_UNUSED_VARIABLE = YES;
				INFOPLIST_FILE = BugBlaster/Info.plist;
				INSTALL_PATH = "$(LOCAL_LIBRARY_DIR)/Frameworks";
				IPHONEOS_DEPLOYMENT_TARGET = 10.3;
				LD_RUNPATH_SEARCH_PATHS = "$(inherited) @executable_path/Frameworks @loader_path/Frameworks";
				MTL_ENABLE_DEBUG_INFO = YES;
				ONLY_ACTIVE_ARCH = YES;
				PRODUCT_BUNDLE_IDENTIFIER = com.darkcl.BugBlaster;
				PRODUCT_NAME = "$(TARGET_NAME)";
				SDKROOT = iphoneos;
				SKIP_INSTALL = YES;
				SWIFT_ACTIVE_COMPILATION_CONDITIONS = DEBUG;
				SWIFT_OPTIMIZATION_LEVEL = "-Onone";
				SWIFT_VERSION = 3.0;
				TARGETED_DEVICE_FAMILY = "1,2";
				VERSIONING_SYSTEM = "apple-generic";
				VERSION_INFO_PREFIX = "";
			};
			name = Debug;
		};
		74864A131F597F2E0090648D /* Release */ = {
			isa = XCBuildConfiguration;
			buildSettings = {
				ALWAYS_SEARCH_USER_PATHS = NO;
				CLANG_ANALYZER_NONNULL = YES;
				CLANG_ANALYZER_NUMBER_OBJECT_CONVERSION = YES_AGGRESSIVE;
				CLANG_CXX_LANGUAGE_STANDARD = "gnu++0x";
				CLANG_CXX_LIBRARY = "libc++";
				CLANG_ENABLE_MODULES = YES;
				CLANG_ENABLE_OBJC_ARC = YES;
				CLANG_WARN_BOOL_CONVERSION = YES;
				CLANG_WARN_CONSTANT_CONVERSION = YES;
				CLANG_WARN_DIRECT_OBJC_ISA_USAGE = YES_ERROR;
				CLANG_WARN_DOCUMENTATION_COMMENTS = YES;
				CLANG_WARN_EMPTY_BODY = YES;
				CLANG_WARN_ENUM_CONVERSION = YES;
				CLANG_WARN_INFINITE_RECURSION = YES;
				CLANG_WARN_INT_CONVERSION = YES;
				CLANG_WARN_OBJC_ROOT_CLASS = YES_ERROR;
				CLANG_WARN_SUSPICIOUS_MOVE = YES;
				CLANG_WARN_UNREACHABLE_CODE = YES;
				CLANG_WARN__DUPLICATE_METHOD_MATCH = YES;
				CODE_SIGN_IDENTITY = "";
				"CODE_SIGN_IDENTITY[sdk=iphoneos*]" = "iPhone Developer";
				COPY_PHASE_STRIP = NO;
				CURRENT_PROJECT_VERSION = 1;
				DEBUG_INFORMATION_FORMAT = "dwarf-with-dsym";
				DEFINES_MODULE = YES;
				DEVELOPMENT_TEAM = EWTFSD7VTD;
				DYLIB_COMPATIBILITY_VERSION = 1;
				DYLIB_CURRENT_VERSION = 1;
				DYLIB_INSTALL_NAME_BASE = "@rpath";
				ENABLE_NS_ASSERTIONS = NO;
				ENABLE_STRICT_OBJC_MSGSEND = YES;
				GCC_C_LANGUAGE_STANDARD = gnu99;
				GCC_NO_COMMON_BLOCKS = YES;
				GCC_WARN_64_TO_32_BIT_CONVERSION = YES;
				GCC_WARN_ABOUT_RETURN_TYPE = YES_ERROR;
				GCC_WARN_UNDECLARED_SELECTOR = YES;
				GCC_WARN_UNINITIALIZED_AUTOS = YES_AGGRESSIVE;
				GCC_WARN_UNUSED_FUNCTION = YES;
				GCC_WARN_UNUSED_VARIABLE = YES;
				INFOPLIST_FILE = BugBlaster/Info.plist;
				INSTALL_PATH = "$(LOCAL_LIBRARY_DIR)/Frameworks";
				IPHONEOS_DEPLOYMENT_TARGET = 10.3;
				LD_RUNPATH_SEARCH_PATHS = "$(inherited) @executable_path/Frameworks @loader_path/Frameworks";
				MTL_ENABLE_DEBUG_INFO = NO;
				PRODUCT_BUNDLE_IDENTIFIER = com.darkcl.BugBlaster;
				PRODUCT_NAME = "$(TARGET_NAME)";
				SDKROOT = iphoneos;
				SKIP_INSTALL = YES;
				SWIFT_OPTIMIZATION_LEVEL = "-Owholemodule";
				SWIFT_VERSION = 3.0;
				TARGETED_DEVICE_FAMILY = "1,2";
				VALIDATE_PRODUCT = YES;
				VERSIONING_SYSTEM = "apple-generic";
				VERSION_INFO_PREFIX = "";
			};
			name = Release;
		};
		74864A441F5981FD0090648D /* Debug */ = {
			isa = XCBuildConfiguration;
			buildSettings = {
				ALWAYS_SEARCH_USER_PATHS = NO;
				CLANG_ANALYZER_NONNULL = YES;
				CLANG_ANALYZER_NUMBER_OBJECT_CONVERSION = YES_AGGRESSIVE;
				CLANG_CXX_LANGUAGE_STANDARD = "gnu++0x";
				CLANG_CXX_LIBRARY = "libc++";
				CLANG_ENABLE_MODULES = YES;
				CLANG_ENABLE_OBJC_ARC = YES;
				CLANG_WARN_BOOL_CONVERSION = YES;
				CLANG_WARN_CONSTANT_CONVERSION = YES;
				CLANG_WARN_DIRECT_OBJC_ISA_USAGE = YES_ERROR;
				CLANG_WARN_DOCUMENTATION_COMMENTS = YES;
				CLANG_WARN_EMPTY_BODY = YES;
				CLANG_WARN_ENUM_CONVERSION = YES;
				CLANG_WARN_INFINITE_RECURSION = YES;
				CLANG_WARN_INT_CONVERSION = YES;
				CLANG_WARN_OBJC_ROOT_CLASS = YES_ERROR;
				CLANG_WARN_SUSPICIOUS_MOVE = YES;
				CLANG_WARN_UNREACHABLE_CODE = YES;
				CLANG_WARN__DUPLICATE_METHOD_MATCH = YES;
				"CODE_SIGN_IDENTITY[sdk=iphoneos*]" = "iPhone Developer";
				COPY_PHASE_STRIP = NO;
				DEBUG_INFORMATION_FORMAT = dwarf;
				DEVELOPMENT_TEAM = EWTFSD7VTD;
				ENABLE_STRICT_OBJC_MSGSEND = YES;
				ENABLE_TESTABILITY = YES;
				GCC_C_LANGUAGE_STANDARD = gnu99;
				GCC_DYNAMIC_NO_PIC = NO;
				GCC_NO_COMMON_BLOCKS = YES;
				GCC_OPTIMIZATION_LEVEL = 0;
				GCC_PREPROCESSOR_DEFINITIONS = (
					"DEBUG=1",
					"$(inherited)",
				);
				GCC_WARN_64_TO_32_BIT_CONVERSION = YES;
				GCC_WARN_ABOUT_RETURN_TYPE = YES_ERROR;
				GCC_WARN_UNDECLARED_SELECTOR = YES;
				GCC_WARN_UNINITIALIZED_AUTOS = YES_AGGRESSIVE;
				GCC_WARN_UNUSED_FUNCTION = YES;
				GCC_WARN_UNUSED_VARIABLE = YES;
				INFOPLIST_FILE = BugBlasterTests/Info.plist;
				IPHONEOS_DEPLOYMENT_TARGET = 10.3;
				LD_RUNPATH_SEARCH_PATHS = "$(inherited) @executable_path/Frameworks @loader_path/Frameworks";
				MTL_ENABLE_DEBUG_INFO = YES;
				ONLY_ACTIVE_ARCH = YES;
				PRODUCT_BUNDLE_IDENTIFIER = com.darkcl.BugBlasterTests;
				PRODUCT_NAME = "$(TARGET_NAME)";
				SDKROOT = iphoneos;
				SWIFT_ACTIVE_COMPILATION_CONDITIONS = DEBUG;
				SWIFT_OPTIMIZATION_LEVEL = "-Onone";
				SWIFT_VERSION = 3.0;
			};
			name = Debug;
		};
		74864A451F5981FD0090648D /* Release */ = {
			isa = XCBuildConfiguration;
			buildSettings = {
				ALWAYS_SEARCH_USER_PATHS = NO;
				CLANG_ANALYZER_NONNULL = YES;
				CLANG_ANALYZER_NUMBER_OBJECT_CONVERSION = YES_AGGRESSIVE;
				CLANG_CXX_LANGUAGE_STANDARD = "gnu++0x";
				CLANG_CXX_LIBRARY = "libc++";
				CLANG_ENABLE_MODULES = YES;
				CLANG_ENABLE_OBJC_ARC = YES;
				CLANG_WARN_BOOL_CONVERSION = YES;
				CLANG_WARN_CONSTANT_CONVERSION = YES;
				CLANG_WARN_DIRECT_OBJC_ISA_USAGE = YES_ERROR;
				CLANG_WARN_DOCUMENTATION_COMMENTS = YES;
				CLANG_WARN_EMPTY_BODY = YES;
				CLANG_WARN_ENUM_CONVERSION = YES;
				CLANG_WARN_INFINITE_RECURSION = YES;
				CLANG_WARN_INT_CONVERSION = YES;
				CLANG_WARN_OBJC_ROOT_CLASS = YES_ERROR;
				CLANG_WARN_SUSPICIOUS_MOVE = YES;
				CLANG_WARN_UNREACHABLE_CODE = YES;
				CLANG_WARN__DUPLICATE_METHOD_MATCH = YES;
				"CODE_SIGN_IDENTITY[sdk=iphoneos*]" = "iPhone Developer";
				COPY_PHASE_STRIP = NO;
				DEBUG_INFORMATION_FORMAT = "dwarf-with-dsym";
				DEVELOPMENT_TEAM = EWTFSD7VTD;
				ENABLE_NS_ASSERTIONS = NO;
				ENABLE_STRICT_OBJC_MSGSEND = YES;
				GCC_C_LANGUAGE_STANDARD = gnu99;
				GCC_NO_COMMON_BLOCKS = YES;
				GCC_WARN_64_TO_32_BIT_CONVERSION = YES;
				GCC_WARN_ABOUT_RETURN_TYPE = YES_ERROR;
				GCC_WARN_UNDECLARED_SELECTOR = YES;
				GCC_WARN_UNINITIALIZED_AUTOS = YES_AGGRESSIVE;
				GCC_WARN_UNUSED_FUNCTION = YES;
				GCC_WARN_UNUSED_VARIABLE = YES;
				INFOPLIST_FILE = BugBlasterTests/Info.plist;
				IPHONEOS_DEPLOYMENT_TARGET = 10.3;
				LD_RUNPATH_SEARCH_PATHS = "$(inherited) @executable_path/Frameworks @loader_path/Frameworks";
				MTL_ENABLE_DEBUG_INFO = NO;
				PRODUCT_BUNDLE_IDENTIFIER = com.darkcl.BugBlasterTests;
				PRODUCT_NAME = "$(TARGET_NAME)";
				SDKROOT = iphoneos;
				SWIFT_OPTIMIZATION_LEVEL = "-Owholemodule";
				SWIFT_VERSION = 3.0;
				VALIDATE_PRODUCT = YES;
			};
			name = Release;
		};
/* End XCBuildConfiguration section */

/* Begin XCConfigurationList section */
		748649D91F597C850090648D /* Build configuration list for PBXProject "BugBlaster" */ = {
			isa = XCConfigurationList;
			buildConfigurations = (
				748649DA1F597C850090648D /* Debug */,
				748649DB1F597C850090648D /* Release */,
			);
			defaultConfigurationIsVisible = 0;
			defaultConfigurationName = Release;
		};
		74864A141F597F2E0090648D /* Build configuration list for PBXNativeTarget "BugBlaster" */ = {
			isa = XCConfigurationList;
			buildConfigurations = (
				74864A121F597F2E0090648D /* Debug */,
				74864A131F597F2E0090648D /* Release */,
			);
			defaultConfigurationIsVisible = 0;
			defaultConfigurationName = Release;
		};
		74864A431F5981FD0090648D /* Build configuration list for PBXNativeTarget "BugBlasterTests" */ = {
			isa = XCConfigurationList;
			buildConfigurations = (
				74864A441F5981FD0090648D /* Debug */,
				74864A451F5981FD0090648D /* Release */,
			);
			defaultConfigurationIsVisible = 0;
			defaultConfigurationName = Release;
		};
/* End XCConfigurationList section */
	};
	rootObject = 748649D61F597C850090648D /* Project object */;
}
